PODS:
  - ATSDK-Weex (0.0.1)
  - RMStore (0.7.1):
    - RMStore/Core (= 0.7.1)
  - RMStore/Core (0.7.1)
  - RMStore/NSUserDefaultsPersistence (0.7.1):
    - RMStore/Core
  - SDWebImage (3.7.5):
    - SDWebImage/Core (= 3.7.5)
  - SDWebImage/Core (3.7.5)
  - SocketRocket (0.4.2)
  - WeexPluginInapp (0.0.2):
    - RMStore
    - RMStore/NSUserDefaultsPersistence
    - WeexPluginLoader
    - WeexSDK
  - WeexPluginLoader (0.0.1.9.1):
    - WeexSDK
  - WeexSDK (0.19.0)
  - WXDevtool (0.9.5):
    - WeexSDK

DEPENDENCIES:
  - ATSDK-Weex (= 0.0.1)
  - SDWebImage (= 3.7.5)
  - SocketRocket (= 0.4.2)
  - WeexPluginInapp (from `../../`)
  - WeexPluginLoader
  - WeexSDK (= 0.19.0)
  - WXDevtool (= 0.9.5)

SPEC REPOS:
  https://github.com/cocoapods/specs.git:
    - ATSDK-Weex
    - RMStore
    - SDWebImage
    - SocketRocket
    - WeexPluginLoader
    - WeexSDK
    - WXDevtool

EXTERNAL SOURCES:
  WeexPluginInapp:
    :path: "../../"

SPEC CHECKSUMS:
  ATSDK-Weex: 1b27558f4336d77fb97704d34fc6ad1fd468592c
  RMStore: 64ba13a9c040e3b7572765d169f77175cd3243e5
  SDWebImage: 69c6303e3348fba97e03f65d65d4fbc26740f461
  SocketRocket: ffe08119b00ef982f6c37052a4705a057c8494ad
  WeexPluginInapp: 83a51a962599638593856072bfe90294638d720d
  WeexPluginLoader: 85c1304f8ba29864e58531614a0acfeceef1b85c
  WeexSDK: 434995ea3d16efbff5f586b68cb2572df9170f58
  WXDevtool: 5135a5c6f4426fb635babb9eacfa14352bc66dc6

PODFILE CHECKSUM: a0c3eca9ba5238a490d16835faf03eaa42056e7e

COCOAPODS: 1.5.3
